// !$*UTF8*$!
{
	archiveVersion = 1;
	classes = {
	};
	objectVersion = 46;
	objects = {

/* Begin PBXBuildFile section */
		961A77CC1D5C28F900EFA629 /* ffmpeg.h in CopyFiles */ = {isa = PBXBuildFile; fileRef = 961A77CB1D5C28F900EFA629 /* ffmpeg.h */; };
		961A77CE1D5C28F900EFA629 /* ffmpeg.m in Sources */ = {isa = PBXBuildFile; fileRef = 961A77CD1D5C28F900EFA629 /* ffmpeg.m */; };
		961A791C1D5C308E00EFA629 /* libavcodec.a in Frameworks */ = {isa = PBXBuildFile; fileRef = 961A782C1D5C299500EFA629 /* libavcodec.a */; };
		961A791D1D5C308E00EFA629 /* libavdevice.a in Frameworks */ = {isa = PBXBuildFile; fileRef = 961A782D1D5C299500EFA629 /* libavdevice.a */; };
		961A791E1D5C308E00EFA629 /* libavfilter.a in Frameworks */ = {isa = PBXBuildFile; fileRef = 961A782E1D5C299500EFA629 /* libavfilter.a */; };
		961A791F1D5C308E00EFA629 /* libavformat.a in Frameworks */ = {isa = PBXBuildFile; fileRef = 961A782F1D5C299500EFA629 /* libavformat.a */; };
		961A79201D5C308E00EFA629 /* libavutil.a in Frameworks */ = {isa = PBXBuildFile; fileRef = 961A78301D5C299500EFA629 /* libavutil.a */; };
		961A79211D5C308E00EFA629 /* libswresample.a in Frameworks */ = {isa = PBXBuildFile; fileRef = 961A78311D5C299500EFA629 /* libswresample.a */; };
		961A79221D5C308E00EFA629 /* libswscale.a in Frameworks */ = {isa = PBXBuildFile; fileRef = 961A78321D5C299500EFA629 /* libswscale.a */; };
		961A79261D5C4F1800EFA629 /* CoreVideo.framework in Frameworks */ = {isa = PBXBuildFile; fileRef = 961A79251D5C4F1800EFA629 /* CoreVideo.framework */; };
		961A79281D5C4F2000EFA629 /* VideoToolbox.framework in Frameworks */ = {isa = PBXBuildFile; fileRef = 961A79271D5C4F2000EFA629 /* VideoToolbox.framework */; };
		961A792A1D5C4F2C00EFA629 /* AudioToolbox.framework in Frameworks */ = {isa = PBXBuildFile; fileRef = 961A79291D5C4F2C00EFA629 /* AudioToolbox.framework */; };
		961A792C1D5C4F3400EFA629 /* AVFoundation.framework in Frameworks */ = {isa = PBXBuildFile; fileRef = 961A792B1D5C4F3400EFA629 /* AVFoundation.framework */; };
		961A792E1D5C4F5300EFA629 /* Foundation.framework in Frameworks */ = {isa = PBXBuildFile; fileRef = 961A792D1D5C4F5300EFA629 /* Foundation.framework */; };
		961A79341D5C50A600EFA629 /* CoreMedia.framework in Frameworks */ = {isa = PBXBuildFile; fileRef = 961A79331D5C50A600EFA629 /* CoreMedia.framework */; };
		96349CB11D7E978100BDFFF8 /* muxing.m in Sources */ = {isa = PBXBuildFile; fileRef = 96349CB01D7E978100BDFFF8 /* muxing.m */; };
		96349CB21D7E99EB00BDFFF8 /* muxing.h in CopyFiles */ = {isa = PBXBuildFile; fileRef = 96349CAF1D7E978100BDFFF8 /* muxing.h */; };
		96395DC51E88DD8900AE971B /* ipinput.h in Sources */ = {isa = PBXBuildFile; fileRef = 96395DBE1E88C4F900AE971B /* ipinput.h */; };
		96395DC61E88DD8900AE971B /* ffUDP.h in Sources */ = {isa = PBXBuildFile; fileRef = 96395DC41E88C58500AE971B /* ffUDP.h */; };
		96395DC71E88DD8900AE971B /* ffUDP.m in Sources */ = {isa = PBXBuildFile; fileRef = 96395DBF1E88C4F900AE971B /* ffUDP.m */; };
		96395DCA1E88DD8900AE971B /* utils.m in Sources */ = {isa = PBXBuildFile; fileRef = 96395DC21E88C4F900AE971B /* utils.m */; };
		96395DCB1E88DD8900AE971B /* utils.h in Sources */ = {isa = PBXBuildFile; fileRef = 96395DC31E88C4F900AE971B /* utils.h */; };
		96395DCC1E88DD8900AE971B /* PBVideoSwDecoder.h in Sources */ = {isa = PBXBuildFile; fileRef = 96B249371DAA251700EFDE86 /* PBVideoSwDecoder.h */; };
		96395DCD1E88DD8900AE971B /* avcodec.h in Sources */ = {isa = PBXBuildFile; fileRef = 961A77D81D5C299500EFA629 /* avcodec.h */; };
		96395DCE1E88DD8900AE971B /* avfft.h in Sources */ = {isa = PBXBuildFile; fileRef = 961A77D91D5C299500EFA629 /* avfft.h */; };
		96395DCF1E88DD8900AE971B /* dxva2.h in Sources */ = {isa = PBXBuildFile; fileRef = 961A77DA1D5C299500EFA629 /* dxva2.h */; };
		96395DD01E88DD8900AE971B /* old_codec_ids.h in Sources */ = {isa = PBXBuildFile; fileRef = 961A77DB1D5C299500EFA629 /* old_codec_ids.h */; };
		96395DD11E88DD8900AE971B /* vaapi.h in Sources */ = {isa = PBXBuildFile; fileRef = 961A77DC1D5C299500EFA629 /* vaapi.h */; };
		96395DD21E88DD8900AE971B /* vda.h in Sources */ = {isa = PBXBuildFile; fileRef = 961A77DD1D5C299500EFA629 /* vda.h */; };
		96395DD31E88DD8900AE971B /* vdpau.h in Sources */ = {isa = PBXBuildFile; fileRef = 961A77DE1D5C299500EFA629 /* vdpau.h */; };
		96395DD41E88DD8900AE971B /* version.h in Sources */ = {isa = PBXBuildFile; fileRef = 961A77DF1D5C299500EFA629 /* version.h */; };
		96395DD51E88DD8900AE971B /* xvmc.h in Sources */ = {isa = PBXBuildFile; fileRef = 961A77E01D5C299500EFA629 /* xvmc.h */; };
		96395DD61E88DD8900AE971B /* avdevice.h in Sources */ = {isa = PBXBuildFile; fileRef = 961A77E21D5C299500EFA629 /* avdevice.h */; };
		96395DD71E88DD8900AE971B /* version.h in Sources */ = {isa = PBXBuildFile; fileRef = 961A77E31D5C299500EFA629 /* version.h */; };
		96395DD81E88DD8900AE971B /* asrc_abuffer.h in Sources */ = {isa = PBXBuildFile; fileRef = 961A77E51D5C299500EFA629 /* asrc_abuffer.h */; };
		96395DD91E88DD8900AE971B /* avcodec.h in Sources */ = {isa = PBXBuildFile; fileRef = 961A77E61D5C299500EFA629 /* avcodec.h */; };
		96395DDA1E88DD8900AE971B /* avfilter.h in Sources */ = {isa = PBXBuildFile; fileRef = 961A77E71D5C299500EFA629 /* avfilter.h */; };
		96395DDB1E88DD8900AE971B /* avfiltergraph.h in Sources */ = {isa = PBXBuildFile; fileRef = 961A77E81D5C299500EFA629 /* avfiltergraph.h */; };
		96395DDC1E88DD8900AE971B /* buffersink.h in Sources */ = {isa = PBXBuildFile; fileRef = 961A77E91D5C299500EFA629 /* buffersink.h */; };
		96395DDD1E88DD8900AE971B /* buffersrc.h in Sources */ = {isa = PBXBuildFile; fileRef = 961A77EA1D5C299500EFA629 /* buffersrc.h */; };
		96395DDE1E88DD8900AE971B /* version.h in Sources */ = {isa = PBXBuildFile; fileRef = 961A77EB1D5C299500EFA629 /* version.h */; };
		96395DDF1E88DD8900AE971B /* avformat.h in Sources */ = {isa = PBXBuildFile; fileRef = 961A77ED1D5C299500EFA629 /* avformat.h */; };
		96395DE01E88DD8900AE971B /* avio.h in Sources */ = {isa = PBXBuildFile; fileRef = 961A77EE1D5C299500EFA629 /* avio.h */; };
		96395DE11E88DD8900AE971B /* version.h in Sources */ = {isa = PBXBuildFile; fileRef = 961A77EF1D5C299500EFA629 /* version.h */; };
		96395DE21E88DD8900AE971B /* adler32.h in Sources */ = {isa = PBXBuildFile; fileRef = 961A77F11D5C299500EFA629 /* adler32.h */; };
		96395DE31E88DD8900AE971B /* aes.h in Sources */ = {isa = PBXBuildFile; fileRef = 961A77F21D5C299500EFA629 /* aes.h */; };
		96395DE41E88DD8900AE971B /* attributes.h in Sources */ = {isa = PBXBuildFile; fileRef = 961A77F31D5C299500EFA629 /* attributes.h */; };
		96395DE51E88DD8900AE971B /* audio_fifo.h in Sources */ = {isa = PBXBuildFile; fileRef = 961A77F41D5C299500EFA629 /* audio_fifo.h */; };
		96395DE61E88DD8900AE971B /* audioconvert.h in Sources */ = {isa = PBXBuildFile; fileRef = 961A77F51D5C299500EFA629 /* audioconvert.h */; };
		96395DE71E88DD8900AE971B /* avassert.h in Sources */ = {isa = PBXBuildFile; fileRef = 961A77F61D5C299500EFA629 /* avassert.h */; };
		96395DE81E88DD8900AE971B /* avconfig.h in Sources */ = {isa = PBXBuildFile; fileRef = 961A77F71D5C299500EFA629 /* avconfig.h */; };
		96395DE91E88DD8900AE971B /* avstring.h in Sources */ = {isa = PBXBuildFile; fileRef = 961A77F81D5C299500EFA629 /* avstring.h */; };
		96395DEA1E88DD8900AE971B /* avutil.h in Sources */ = {isa = PBXBuildFile; fileRef = 961A77F91D5C299500EFA629 /* avutil.h */; };
		96395DEB1E88DD8900AE971B /* base64.h in Sources */ = {isa = PBXBuildFile; fileRef = 961A77FA1D5C299500EFA629 /* base64.h */; };
		96395DEC1E88DD8900AE971B /* blowfish.h in Sources */ = {isa = PBXBuildFile; fileRef = 961A77FB1D5C299500EFA629 /* blowfish.h */; };
		96395DED1E88DD8900AE971B /* bprint.h in Sources */ = {isa = PBXBuildFile; fileRef = 961A77FC1D5C299500EFA629 /* bprint.h */; };
		96395DEE1E88DD8900AE971B /* bswap.h in Sources */ = {isa = PBXBuildFile; fileRef = 961A77FD1D5C299500EFA629 /* bswap.h */; };
		96395DEF1E88DD8900AE971B /* buffer.h in Sources */ = {isa = PBXBuildFile; fileRef = 961A77FE1D5C299500EFA629 /* buffer.h */; };
		96395DF01E88DD8900AE971B /* channel_layout.h in Sources */ = {isa = PBXBuildFile; fileRef = 961A77FF1D5C299500EFA629 /* channel_layout.h */; };
		96395DF11E88DD8900AE971B /* common.h in Sources */ = {isa = PBXBuildFile; fileRef = 961A78001D5C299500EFA629 /* common.h */; };
		96395DF21E88DD8900AE971B /* cpu.h in Sources */ = {isa = PBXBuildFile; fileRef = 961A78011D5C299500EFA629 /* cpu.h */; };
		96395DF31E88DD8900AE971B /* crc.h in Sources */ = {isa = PBXBuildFile; fileRef = 961A78021D5C299500EFA629 /* crc.h */; };
		96395DF41E88DD8900AE971B /* dict.h in Sources */ = {isa = PBXBuildFile; fileRef = 961A78031D5C299500EFA629 /* dict.h */; };
		96395DF51E88DD8900AE971B /* error.h in Sources */ = {isa = PBXBuildFile; fileRef = 961A78041D5C299500EFA629 /* error.h */; };
		96395DF61E88DD8900AE971B /* eval.h in Sources */ = {isa = PBXBuildFile; fileRef = 961A78051D5C299500EFA629 /* eval.h */; };
		96395DF71E88DD8900AE971B /* fifo.h in Sources */ = {isa = PBXBuildFile; fileRef = 961A78061D5C299500EFA629 /* fifo.h */; };
		96395DF81E88DD8900AE971B /* file.h in Sources */ = {isa = PBXBuildFile; fileRef = 961A78071D5C299500EFA629 /* file.h */; };
		96395DF91E88DD8900AE971B /* frame.h in Sources */ = {isa = PBXBuildFile; fileRef = 961A78081D5C299500EFA629 /* frame.h */; };
		96395DFA1E88DD8900AE971B /* hmac.h in Sources */ = {isa = PBXBuildFile; fileRef = 961A78091D5C299500EFA629 /* hmac.h */; };
		96395DFB1E88DD8900AE971B /* imgutils.h in Sources */ = {isa = PBXBuildFile; fileRef = 961A780A1D5C299500EFA629 /* imgutils.h */; };
		96395DFC1E88DD8900AE971B /* intfloat.h in Sources */ = {isa = PBXBuildFile; fileRef = 961A780B1D5C299500EFA629 /* intfloat.h */; };
		96395DFD1E88DD8900AE971B /* intfloat_readwrite.h in Sources */ = {isa = PBXBuildFile; fileRef = 961A780C1D5C299500EFA629 /* intfloat_readwrite.h */; };
		96395DFE1E88DD8900AE971B /* intreadwrite.h in Sources */ = {isa = PBXBuildFile; fileRef = 961A780D1D5C299500EFA629 /* intreadwrite.h */; };
		96395DFF1E88DD8900AE971B /* lfg.h in Sources */ = {isa = PBXBuildFile; fileRef = 961A780E1D5C299500EFA629 /* lfg.h */; };
		96395E001E88DD8900AE971B /* log.h in Sources */ = {isa = PBXBuildFile; fileRef = 961A780F1D5C299500EFA629 /* log.h */; };
		96395E011E88DD8900AE971B /* lzo.h in Sources */ = {isa = PBXBuildFile; fileRef = 961A78101D5C299500EFA629 /* lzo.h */; };
		96395E021E88DD8900AE971B /* mathematics.h in Sources */ = {isa = PBXBuildFile; fileRef = 961A78111D5C299500EFA629 /* mathematics.h */; };
		96395E031E88DD8900AE971B /* md5.h in Sources */ = {isa = PBXBuildFile; fileRef = 961A78121D5C299500EFA629 /* md5.h */; };
		96395E041E88DD8900AE971B /* mem.h in Sources */ = {isa = PBXBuildFile; fileRef = 961A78131D5C299500EFA629 /* mem.h */; };
		96395E051E88DD8900AE971B /* murmur3.h in Sources */ = {isa = PBXBuildFile; fileRef = 961A78141D5C299500EFA629 /* murmur3.h */; };
		96395E061E88DD8900AE971B /* old_pix_fmts.h in Sources */ = {isa = PBXBuildFile; fileRef = 961A78151D5C299500EFA629 /* old_pix_fmts.h */; };
		96395E071E88DD8900AE971B /* opt.h in Sources */ = {isa = PBXBuildFile; fileRef = 961A78161D5C299500EFA629 /* opt.h */; };
		96395E081E88DD8900AE971B /* parseutils.h in Sources */ = {isa = PBXBuildFile; fileRef = 961A78171D5C299500EFA629 /* parseutils.h */; };
		96395E091E88DD8900AE971B /* pixdesc.h in Sources */ = {isa = PBXBuildFile; fileRef = 961A78181D5C299500EFA629 /* pixdesc.h */; };
		96395E0A1E88DD8900AE971B /* pixfmt.h in Sources */ = {isa = PBXBuildFile; fileRef = 961A78191D5C299500EFA629 /* pixfmt.h */; };
		96395E0B1E88DD8900AE971B /* random_seed.h in Sources */ = {isa = PBXBuildFile; fileRef = 961A781A1D5C299500EFA629 /* random_seed.h */; };
		96395E0C1E88DD8900AE971B /* rational.h in Sources */ = {isa = PBXBuildFile; fileRef = 961A781B1D5C299500EFA629 /* rational.h */; };
		96395E0D1E88DD8900AE971B /* ripemd.h in Sources */ = {isa = PBXBuildFile; fileRef = 961A781C1D5C299500EFA629 /* ripemd.h */; };
		96395E0E1E88DD8900AE971B /* samplefmt.h in Sources */ = {isa = PBXBuildFile; fileRef = 961A781D1D5C299500EFA629 /* samplefmt.h */; };
		96395E0F1E88DD8900AE971B /* sha.h in Sources */ = {isa = PBXBuildFile; fileRef = 961A781E1D5C299500EFA629 /* sha.h */; };
		96395E101E88DD8900AE971B /* sha512.h in Sources */ = {isa = PBXBuildFile; fileRef = 961A781F1D5C299500EFA629 /* sha512.h */; };
		96395E111E88DD8900AE971B /* time.h in Sources */ = {isa = PBXBuildFile; fileRef = 961A78201D5C299500EFA629 /* time.h */; };
		96395E121E88DD8900AE971B /* timecode.h in Sources */ = {isa = PBXBuildFile; fileRef = 961A78211D5C299500EFA629 /* timecode.h */; };
		96395E131E88DD8900AE971B /* timestamp.h in Sources */ = {isa = PBXBuildFile; fileRef = 961A78221D5C299500EFA629 /* timestamp.h */; };
		96395E141E88DD8900AE971B /* version.h in Sources */ = {isa = PBXBuildFile; fileRef = 961A78231D5C299500EFA629 /* version.h */; };
		96395E151E88DD8900AE971B /* xtea.h in Sources */ = {isa = PBXBuildFile; fileRef = 961A78241D5C299500EFA629 /* xtea.h */; };
		96395E161E88DD8900AE971B /* swresample.h in Sources */ = {isa = PBXBuildFile; fileRef = 961A78261D5C299500EFA629 /* swresample.h */; };
		96395E171E88DD8900AE971B /* version.h in Sources */ = {isa = PBXBuildFile; fileRef = 961A78271D5C299500EFA629 /* version.h */; };
		96395E181E88DD8900AE971B /* swscale.h in Sources */ = {isa = PBXBuildFile; fileRef = 961A78291D5C299500EFA629 /* swscale.h */; };
		96395E191E88DD8900AE971B /* version.h in Sources */ = {isa = PBXBuildFile; fileRef = 961A782A1D5C299500EFA629 /* version.h */; };
		96395E1A1E88DD8900AE971B /* libavcodec.a in Sources */ = {isa = PBXBuildFile; fileRef = 961A782C1D5C299500EFA629 /* libavcodec.a */; };
		96395E1B1E88DD8900AE971B /* libavdevice.a in Sources */ = {isa = PBXBuildFile; fileRef = 961A782D1D5C299500EFA629 /* libavdevice.a */; };
		96395E1C1E88DD8900AE971B /* libavfilter.a in Sources */ = {isa = PBXBuildFile; fileRef = 961A782E1D5C299500EFA629 /* libavfilter.a */; };
		96395E1D1E88DD8900AE971B /* libavformat.a in Sources */ = {isa = PBXBuildFile; fileRef = 961A782F1D5C299500EFA629 /* libavformat.a */; };
		96395E1E1E88DD8900AE971B /* libavutil.a in Sources */ = {isa = PBXBuildFile; fileRef = 961A78301D5C299500EFA629 /* libavutil.a */; };
		96395E1F1E88DD8900AE971B /* libswresample.a in Sources */ = {isa = PBXBuildFile; fileRef = 961A78311D5C299500EFA629 /* libswresample.a */; };
		96395E201E88DD8900AE971B /* libswscale.a in Sources */ = {isa = PBXBuildFile; fileRef = 961A78321D5C299500EFA629 /* libswscale.a */; };
		96395E211E88DD8900AE971B /* ffmpeg.h in Sources */ = {isa = PBXBuildFile; fileRef = 961A77CB1D5C28F900EFA629 /* ffmpeg.h */; };
		96395E221E88DD8900AE971B /* muxing.h in Sources */ = {isa = PBXBuildFile; fileRef = 96349CAF1D7E978100BDFFF8 /* muxing.h */; };
		96395E231E88DD8900AE971B /* PrefixHeader.h in Sources */ = {isa = PBXBuildFile; fileRef = 96F772FB1DF00A0800CC4C8D /* PrefixHeader.h */; };
		96395E241E88DD8900AE971B /* TEST_Filter.h in Sources */ = {isa = PBXBuildFile; fileRef = 9651261D1E04DE8800E82E2B /* TEST_Filter.h */; };
		96395E251E88DD8900AE971B /* libbz2.1.0.tbd in Sources */ = {isa = PBXBuildFile; fileRef = 961A79351D5C524000EFA629 /* libbz2.1.0.tbd */; };
		96395E261E88DD8900AE971B /* CoreMedia.framework in Sources */ = {isa = PBXBuildFile; fileRef = 961A79331D5C50A600EFA629 /* CoreMedia.framework */; };
		96395E271E88DD8900AE971B /* libiconv.2.4.0.tbd in Sources */ = {isa = PBXBuildFile; fileRef = 961A79311D5C509700EFA629 /* libiconv.2.4.0.tbd */; };
		96395E281E88DD8900AE971B /* libz.1.2.5.tbd in Sources */ = {isa = PBXBuildFile; fileRef = 961A792F1D5C506C00EFA629 /* libz.1.2.5.tbd */; };
		96395E291E88DD8900AE971B /* Foundation.framework in Sources */ = {isa = PBXBuildFile; fileRef = 961A792D1D5C4F5300EFA629 /* Foundation.framework */; };
		96395E2A1E88DD8900AE971B /* AVFoundation.framework in Sources */ = {isa = PBXBuildFile; fileRef = 961A792B1D5C4F3400EFA629 /* AVFoundation.framework */; };
		96395E2B1E88DD8900AE971B /* AudioToolbox.framework in Sources */ = {isa = PBXBuildFile; fileRef = 961A79291D5C4F2C00EFA629 /* AudioToolbox.framework */; };
		96395E2C1E88DD8900AE971B /* VideoToolbox.framework in Sources */ = {isa = PBXBuildFile; fileRef = 961A79271D5C4F2000EFA629 /* VideoToolbox.framework */; };
		96395E2D1E88DD8900AE971B /* CoreVideo.framework in Sources */ = {isa = PBXBuildFile; fileRef = 961A79251D5C4F1800EFA629 /* CoreVideo.framework */; };
		96395E2E1E88DD8900AE971B /* libffmpeg.a in Sources */ = {isa = PBXBuildFile; fileRef = 961A77C81D5C28F900EFA629 /* libffmpeg.a */; };
		96395E2F1E88F41B00AE971B /* ffUDP.h in CopyFiles */ = {isa = PBXBuildFile; fileRef = 96395DC41E88C58500AE971B /* ffUDP.h */; };
		9651261E1E04DE8800E82E2B /* TEST_Filter.m in Sources */ = {isa = PBXBuildFile; fileRef = 9651261C1E04DE8800E82E2B /* TEST_Filter.m */; };
		9651261F1E04E18500E82E2B /* TEST_Filter.h in CopyFiles */ = {isa = PBXBuildFile; fileRef = 9651261D1E04DE8800E82E2B /* TEST_Filter.h */; };
		96B249391DAA259700EFDE86 /* PBVideoSwDecoder.m in Sources */ = {isa = PBXBuildFile; fileRef = 96B249381DAA251700EFDE86 /* PBVideoSwDecoder.m */; };
		96B2493A1DAA2D1C00EFDE86 /* PBVideoSwDecoder.h in CopyFiles */ = {isa = PBXBuildFile; fileRef = 96B249371DAA251700EFDE86 /* PBVideoSwDecoder.h */; };
/* End PBXBuildFile section */

/* Begin PBXCopyFilesBuildPhase section */
		961A77C61D5C28F900EFA629 /* CopyFiles */ = {
			isa = PBXCopyFilesBuildPhase;
			buildActionMask = 2147483647;
			dstPath = "include/$(PRODUCT_NAME)";
			dstSubfolderSpec = 16;
			files = (
				96395E2F1E88F41B00AE971B /* ffUDP.h in CopyFiles */,
				9651261F1E04E18500E82E2B /* TEST_Filter.h in CopyFiles */,
				96B2493A1DAA2D1C00EFDE86 /* PBVideoSwDecoder.h in CopyFiles */,
				96349CB21D7E99EB00BDFFF8 /* muxing.h in CopyFiles */,
				961A77CC1D5C28F900EFA629 /* ffmpeg.h in CopyFiles */,
			);
			runOnlyForDeploymentPostprocessing = 0;
		};
/* End PBXCopyFilesBuildPhase section */

/* Begin PBXFileReference section */
		961A77C81D5C28F900EFA629 /* libffmpeg.a */ = {isa = PBXFileReference; explicitFileType = archive.ar; includeInIndex = 0; path = libffmpeg.a; sourceTree = BUILT_PRODUCTS_DIR; };
		961A77CB1D5C28F900EFA629 /* ffmpeg.h */ = {isa = PBXFileReference; lastKnownFileType = sourcecode.c.h; path = ffmpeg.h; sourceTree = "<group>"; };
		961A77CD1D5C28F900EFA629 /* ffmpeg.m */ = {isa = PBXFileReference; lastKnownFileType = sourcecode.c.objc; path = ffmpeg.m; sourceTree = "<group>"; };
		961A77D81D5C299500EFA629 /* avcodec.h */ = {isa = PBXFileReference; lastKnownFileType = sourcecode.c.h; path = avcodec.h; sourceTree = "<group>"; };
		961A77D91D5C299500EFA629 /* avfft.h */ = {isa = PBXFileReference; lastKnownFileType = sourcecode.c.h; path = avfft.h; sourceTree = "<group>"; };
		961A77DA1D5C299500EFA629 /* dxva2.h */ = {isa = PBXFileReference; lastKnownFileType = sourcecode.c.h; path = dxva2.h; sourceTree = "<group>"; };
		961A77DB1D5C299500EFA629 /* old_codec_ids.h */ = {isa = PBXFileReference; lastKnownFileType = sourcecode.c.h; path = old_codec_ids.h; sourceTree = "<group>"; };
		961A77DC1D5C299500EFA629 /* vaapi.h */ = {isa = PBXFileReference; lastKnownFileType = sourcecode.c.h; path = vaapi.h; sourceTree = "<group>"; };
		961A77DD1D5C299500EFA629 /* vda.h */ = {isa = PBXFileReference; lastKnownFileType = sourcecode.c.h; path = vda.h; sourceTree = "<group>"; };
		961A77DE1D5C299500EFA629 /* vdpau.h */ = {isa = PBXFileReference; lastKnownFileType = sourcecode.c.h; path = vdpau.h; sourceTree = "<group>"; };
		961A77DF1D5C299500EFA629 /* version.h */ = {isa = PBXFileReference; lastKnownFileType = sourcecode.c.h; path = version.h; sourceTree = "<group>"; };
		961A77E01D5C299500EFA629 /* xvmc.h */ = {isa = PBXFileReference; lastKnownFileType = sourcecode.c.h; path = xvmc.h; sourceTree = "<group>"; };
		961A77E21D5C299500EFA629 /* avdevice.h */ = {isa = PBXFileReference; lastKnownFileType = sourcecode.c.h; path = avdevice.h; sourceTree = "<group>"; };
		961A77E31D5C299500EFA629 /* version.h */ = {isa = PBXFileReference; lastKnownFileType = sourcecode.c.h; path = version.h; sourceTree = "<group>"; };
		961A77E51D5C299500EFA629 /* asrc_abuffer.h */ = {isa = PBXFileReference; lastKnownFileType = sourcecode.c.h; path = asrc_abuffer.h; sourceTree = "<group>"; };
		961A77E61D5C299500EFA629 /* avcodec.h */ = {isa = PBXFileReference; lastKnownFileType = sourcecode.c.h; path = avcodec.h; sourceTree = "<group>"; };
		961A77E71D5C299500EFA629 /* avfilter.h */ = {isa = PBXFileReference; lastKnownFileType = sourcecode.c.h; path = avfilter.h; sourceTree = "<group>"; };
		961A77E81D5C299500EFA629 /* avfiltergraph.h */ = {isa = PBXFileReference; lastKnownFileType = sourcecode.c.h; path = avfiltergraph.h; sourceTree = "<group>"; };
		961A77E91D5C299500EFA629 /* buffersink.h */ = {isa = PBXFileReference; lastKnownFileType = sourcecode.c.h; path = buffersink.h; sourceTree = "<group>"; };
		961A77EA1D5C299500EFA629 /* buffersrc.h */ = {isa = PBXFileReference; lastKnownFileType = sourcecode.c.h; path = buffersrc.h; sourceTree = "<group>"; };
		961A77EB1D5C299500EFA629 /* version.h */ = {isa = PBXFileReference; lastKnownFileType = sourcecode.c.h; path = version.h; sourceTree = "<group>"; };
		961A77ED1D5C299500EFA629 /* avformat.h */ = {isa = PBXFileReference; lastKnownFileType = sourcecode.c.h; path = avformat.h; sourceTree = "<group>"; };
		961A77EE1D5C299500EFA629 /* avio.h */ = {isa = PBXFileReference; lastKnownFileType = sourcecode.c.h; path = avio.h; sourceTree = "<group>"; };
		961A77EF1D5C299500EFA629 /* version.h */ = {isa = PBXFileReference; lastKnownFileType = sourcecode.c.h; path = version.h; sourceTree = "<group>"; };
		961A77F11D5C299500EFA629 /* adler32.h */ = {isa = PBXFileReference; lastKnownFileType = sourcecode.c.h; path = adler32.h; sourceTree = "<group>"; };
		961A77F21D5C299500EFA629 /* aes.h */ = {isa = PBXFileReference; lastKnownFileType = sourcecode.c.h; path = aes.h; sourceTree = "<group>"; };
		961A77F31D5C299500EFA629 /* attributes.h */ = {isa = PBXFileReference; lastKnownFileType = sourcecode.c.h; path = attributes.h; sourceTree = "<group>"; };
		961A77F41D5C299500EFA629 /* audio_fifo.h */ = {isa = PBXFileReference; lastKnownFileType = sourcecode.c.h; path = audio_fifo.h; sourceTree = "<group>"; };
		961A77F51D5C299500EFA629 /* audioconvert.h */ = {isa = PBXFileReference; lastKnownFileType = sourcecode.c.h; path = audioconvert.h; sourceTree = "<group>"; };
		961A77F61D5C299500EFA629 /* avassert.h */ = {isa = PBXFileReference; lastKnownFileType = sourcecode.c.h; path = avassert.h; sourceTree = "<group>"; };
		961A77F71D5C299500EFA629 /* avconfig.h */ = {isa = PBXFileReference; lastKnownFileType = sourcecode.c.h; path = avconfig.h; sourceTree = "<group>"; };
		961A77F81D5C299500EFA629 /* avstring.h */ = {isa = PBXFileReference; lastKnownFileType = sourcecode.c.h; path = avstring.h; sourceTree = "<group>"; };
		961A77F91D5C299500EFA629 /* avutil.h */ = {isa = PBXFileReference; lastKnownFileType = sourcecode.c.h; path = avutil.h; sourceTree = "<group>"; };
		961A77FA1D5C299500EFA629 /* base64.h */ = {isa = PBXFileReference; lastKnownFileType = sourcecode.c.h; path = base64.h; sourceTree = "<group>"; };
		961A77FB1D5C299500EFA629 /* blowfish.h */ = {isa = PBXFileReference; lastKnownFileType = sourcecode.c.h; path = blowfish.h; sourceTree = "<group>"; };
		961A77FC1D5C299500EFA629 /* bprint.h */ = {isa = PBXFileReference; lastKnownFileType = sourcecode.c.h; path = bprint.h; sourceTree = "<group>"; };
		961A77FD1D5C299500EFA629 /* bswap.h */ = {isa = PBXFileReference; lastKnownFileType = sourcecode.c.h; path = bswap.h; sourceTree = "<group>"; };
		961A77FE1D5C299500EFA629 /* buffer.h */ = {isa = PBXFileReference; lastKnownFileType = sourcecode.c.h; path = buffer.h; sourceTree = "<group>"; };
		961A77FF1D5C299500EFA629 /* channel_layout.h */ = {isa = PBXFileReference; lastKnownFileType = sourcecode.c.h; path = channel_layout.h; sourceTree = "<group>"; };
		961A78001D5C299500EFA629 /* common.h */ = {isa = PBXFileReference; lastKnownFileType = sourcecode.c.h; path = common.h; sourceTree = "<group>"; };
		961A78011D5C299500EFA629 /* cpu.h */ = {isa = PBXFileReference; lastKnownFileType = sourcecode.c.h; path = cpu.h; sourceTree = "<group>"; };
		961A78021D5C299500EFA629 /* crc.h */ = {isa = PBXFileReference; lastKnownFileType = sourcecode.c.h; path = crc.h; sourceTree = "<group>"; };
		961A78031D5C299500EFA629 /* dict.h */ = {isa = PBXFileReference; lastKnownFileType = sourcecode.c.h; path = dict.h; sourceTree = "<group>"; };
		961A78041D5C299500EFA629 /* error.h */ = {isa = PBXFileReference; lastKnownFileType = sourcecode.c.h; path = error.h; sourceTree = "<group>"; };
		961A78051D5C299500EFA629 /* eval.h */ = {isa = PBXFileReference; lastKnownFileType = sourcecode.c.h; path = eval.h; sourceTree = "<group>"; };
		961A78061D5C299500EFA629 /* fifo.h */ = {isa = PBXFileReference; lastKnownFileType = sourcecode.c.h; path = fifo.h; sourceTree = "<group>"; };
		961A78071D5C299500EFA629 /* file.h */ = {isa = PBXFileReference; lastKnownFileType = sourcecode.c.h; path = file.h; sourceTree = "<group>"; };
		961A78081D5C299500EFA629 /* frame.h */ = {isa = PBXFileReference; lastKnownFileType = sourcecode.c.h; path = frame.h; sourceTree = "<group>"; };
		961A78091D5C299500EFA629 /* hmac.h */ = {isa = PBXFileReference; lastKnownFileType = sourcecode.c.h; path = hmac.h; sourceTree = "<group>"; };
		961A780A1D5C299500EFA629 /* imgutils.h */ = {isa = PBXFileReference; lastKnownFileType = sourcecode.c.h; path = imgutils.h; sourceTree = "<group>"; };
		961A780B1D5C299500EFA629 /* intfloat.h */ = {isa = PBXFileReference; lastKnownFileType = sourcecode.c.h; path = intfloat.h; sourceTree = "<group>"; };
		961A780C1D5C299500EFA629 /* intfloat_readwrite.h */ = {isa = PBXFileReference; lastKnownFileType = sourcecode.c.h; path = intfloat_readwrite.h; sourceTree = "<group>"; };
		961A780D1D5C299500EFA629 /* intreadwrite.h */ = {isa = PBXFileReference; lastKnownFileType = sourcecode.c.h; path = intreadwrite.h; sourceTree = "<group>"; };
		961A780E1D5C299500EFA629 /* lfg.h */ = {isa = PBXFileReference; lastKnownFileType = sourcecode.c.h; path = lfg.h; sourceTree = "<group>"; };
		961A780F1D5C299500EFA629 /* log.h */ = {isa = PBXFileReference; lastKnownFileType = sourcecode.c.h; path = log.h; sourceTree = "<group>"; };
		961A78101D5C299500EFA629 /* lzo.h */ = {isa = PBXFileReference; lastKnownFileType = sourcecode.c.h; path = lzo.h; sourceTree = "<group>"; };
		961A78111D5C299500EFA629 /* mathematics.h */ = {isa = PBXFileReference; lastKnownFileType = sourcecode.c.h; path = mathematics.h; sourceTree = "<group>"; };
		961A78121D5C299500EFA629 /* md5.h */ = {isa = PBXFileReference; lastKnownFileType = sourcecode.c.h; path = md5.h; sourceTree = "<group>"; };
		961A78131D5C299500EFA629 /* mem.h */ = {isa = PBXFileReference; lastKnownFileType = sourcecode.c.h; path = mem.h; sourceTree = "<group>"; };
		961A78141D5C299500EFA629 /* murmur3.h */ = {isa = PBXFileReference; lastKnownFileType = sourcecode.c.h; path = murmur3.h; sourceTree = "<group>"; };
		961A78151D5C299500EFA629 /* old_pix_fmts.h */ = {isa = PBXFileReference; lastKnownFileType = sourcecode.c.h; path = old_pix_fmts.h; sourceTree = "<group>"; };
		961A78161D5C299500EFA629 /* opt.h */ = {isa = PBXFileReference; lastKnownFileType = sourcecode.c.h; path = opt.h; sourceTree = "<group>"; };
		961A78171D5C299500EFA629 /* parseutils.h */ = {isa = PBXFileReference; lastKnownFileType = sourcecode.c.h; path = parseutils.h; sourceTree = "<group>"; };
		961A78181D5C299500EFA629 /* pixdesc.h */ = {isa = PBXFileReference; lastKnownFileType = sourcecode.c.h; path = pixdesc.h; sourceTree = "<group>"; };
		961A78191D5C299500EFA629 /* pixfmt.h */ = {isa = PBXFileReference; lastKnownFileType = sourcecode.c.h; path = pixfmt.h; sourceTree = "<group>"; };
		961A781A1D5C299500EFA629 /* random_seed.h */ = {isa = PBXFileReference; lastKnownFileType = sourcecode.c.h; path = random_seed.h; sourceTree = "<group>"; };
		961A781B1D5C299500EFA629 /* rational.h */ = {isa = PBXFileReference; lastKnownFileType = sourcecode.c.h; path = rational.h; sourceTree = "<group>"; };
		961A781C1D5C299500EFA629 /* ripemd.h */ = {isa = PBXFileReference; lastKnownFileType = sourcecode.c.h; path = ripemd.h; sourceTree = "<group>"; };
		961A781D1D5C299500EFA629 /* samplefmt.h */ = {isa = PBXFileReference; lastKnownFileType = sourcecode.c.h; path = samplefmt.h; sourceTree = "<group>"; };
		961A781E1D5C299500EFA629 /* sha.h */ = {isa = PBXFileReference; lastKnownFileType = sourcecode.c.h; path = sha.h; sourceTree = "<group>"; };
		961A781F1D5C299500EFA629 /* sha512.h */ = {isa = PBXFileReference; lastKnownFileType = sourcecode.c.h; path = sha512.h; sourceTree = "<group>"; };
		961A78201D5C299500EFA629 /* time.h */ = {isa = PBXFileReference; lastKnownFileType = sourcecode.c.h; path = time.h; sourceTree = "<group>"; };
		961A78211D5C299500EFA629 /* timecode.h */ = {isa = PBXFileReference; lastKnownFileType = sourcecode.c.h; path = timecode.h; sourceTree = "<group>"; };
		961A78221D5C299500EFA629 /* timestamp.h */ = {isa = PBXFileReference; lastKnownFileType = sourcecode.c.h; path = timestamp.h; sourceTree = "<group>"; };
		961A78231D5C299500EFA629 /* version.h */ = {isa = PBXFileReference; lastKnownFileType = sourcecode.c.h; path = version.h; sourceTree = "<group>"; };
		961A78241D5C299500EFA629 /* xtea.h */ = {isa = PBXFileReference; lastKnownFileType = sourcecode.c.h; path = xtea.h; sourceTree = "<group>"; };
		961A78261D5C299500EFA629 /* swresample.h */ = {isa = PBXFileReference; lastKnownFileType = sourcecode.c.h; path = swresample.h; sourceTree = "<group>"; };
		961A78271D5C299500EFA629 /* version.h */ = {isa = PBXFileReference; lastKnownFileType = sourcecode.c.h; path = version.h; sourceTree = "<group>"; };
		961A78291D5C299500EFA629 /* swscale.h */ = {isa = PBXFileReference; lastKnownFileType = sourcecode.c.h; path = swscale.h; sourceTree = "<group>"; };
		961A782A1D5C299500EFA629 /* version.h */ = {isa = PBXFileReference; lastKnownFileType = sourcecode.c.h; path = version.h; sourceTree = "<group>"; };
		961A782C1D5C299500EFA629 /* libavcodec.a */ = {isa = PBXFileReference; lastKnownFileType = archive.ar; path = libavcodec.a; sourceTree = "<group>"; };
		961A782D1D5C299500EFA629 /* libavdevice.a */ = {isa = PBXFileReference; lastKnownFileType = archive.ar; path = libavdevice.a; sourceTree = "<group>"; };
		961A782E1D5C299500EFA629 /* libavfilter.a */ = {isa = PBXFileReference; lastKnownFileType = archive.ar; path = libavfilter.a; sourceTree = "<group>"; };
		961A782F1D5C299500EFA629 /* libavformat.a */ = {isa = PBXFileReference; lastKnownFileType = archive.ar; path = libavformat.a; sourceTree = "<group>"; };
		961A78301D5C299500EFA629 /* libavutil.a */ = {isa = PBXFileReference; lastKnownFileType = archive.ar; path = libavutil.a; sourceTree = "<group>"; };
		961A78311D5C299500EFA629 /* libswresample.a */ = {isa = PBXFileReference; lastKnownFileType = archive.ar; path = libswresample.a; sourceTree = "<group>"; };
		961A78321D5C299500EFA629 /* libswscale.a */ = {isa = PBXFileReference; lastKnownFileType = archive.ar; path = libswscale.a; sourceTree = "<group>"; };
		961A79251D5C4F1800EFA629 /* CoreVideo.framework */ = {isa = PBXFileReference; lastKnownFileType = wrapper.framework; name = CoreVideo.framework; path = System/Library/Frameworks/CoreVideo.framework; sourceTree = SDKROOT; };
		961A79271D5C4F2000EFA629 /* VideoToolbox.framework */ = {isa = PBXFileReference; lastKnownFileType = wrapper.framework; name = VideoToolbox.framework; path = System/Library/Frameworks/VideoToolbox.framework; sourceTree = SDKROOT; };
		961A79291D5C4F2C00EFA629 /* AudioToolbox.framework */ = {isa = PBXFileReference; lastKnownFileType = wrapper.framework; name = AudioToolbox.framework; path = System/Library/Frameworks/AudioToolbox.framework; sourceTree = SDKROOT; };
		961A792B1D5C4F3400EFA629 /* AVFoundation.framework */ = {isa = PBXFileReference; lastKnownFileType = wrapper.framework; name = AVFoundation.framework; path = System/Library/Frameworks/AVFoundation.framework; sourceTree = SDKROOT; };
		961A792D1D5C4F5300EFA629 /* Foundation.framework */ = {isa = PBXFileReference; lastKnownFileType = wrapper.framework; name = Foundation.framework; path = System/Library/Frameworks/Foundation.framework; sourceTree = SDKROOT; };
		961A792F1D5C506C00EFA629 /* libz.1.2.5.tbd */ = {isa = PBXFileReference; lastKnownFileType = "sourcecode.text-based-dylib-definition"; name = libz.1.2.5.tbd; path = usr/lib/libz.1.2.5.tbd; sourceTree = SDKROOT; };
		961A79311D5C509700EFA629 /* libiconv.2.4.0.tbd */ = {isa = PBXFileReference; lastKnownFileType = "sourcecode.text-based-dylib-definition"; name = libiconv.2.4.0.tbd; path = usr/lib/libiconv.2.4.0.tbd; sourceTree = SDKROOT; };
		961A79331D5C50A600EFA629 /* CoreMedia.framework */ = {isa = PBXFileReference; lastKnownFileType = wrapper.framework; name = CoreMedia.framework; path = System/Library/Frameworks/CoreMedia.framework; sourceTree = SDKROOT; };
		961A79351D5C524000EFA629 /* libbz2.1.0.tbd */ = {isa = PBXFileReference; lastKnownFileType = "sourcecode.text-based-dylib-definition"; name = libbz2.1.0.tbd; path = usr/lib/libbz2.1.0.tbd; sourceTree = SDKROOT; };
		96349CAF1D7E978100BDFFF8 /* muxing.h */ = {isa = PBXFileReference; fileEncoding = 4; lastKnownFileType = sourcecode.c.h; path = muxing.h; sourceTree = "<group>"; };
		96349CB01D7E978100BDFFF8 /* muxing.m */ = {isa = PBXFileReference; fileEncoding = 4; lastKnownFileType = sourcecode.c.objc; path = muxing.m; sourceTree = "<group>"; };
		96395DBE1E88C4F900AE971B /* ipinput.h */ = {isa = PBXFileReference; lastKnownFileType = sourcecode.c.h; path = ipinput.h; sourceTree = "<group>"; };
		96395DBF1E88C4F900AE971B /* ffUDP.m */ = {isa = PBXFileReference; lastKnownFileType = sourcecode.c.objc; path = ffUDP.m; sourceTree = "<group>"; };
		96395DC21E88C4F900AE971B /* utils.m */ = {isa = PBXFileReference; lastKnownFileType = sourcecode.c.objc; path = utils.m; sourceTree = "<group>"; };
		96395DC31E88C4F900AE971B /* utils.h */ = {isa = PBXFileReference; lastKnownFileType = sourcecode.c.h; path = utils.h; sourceTree = "<group>"; };
		96395DC41E88C58500AE971B /* ffUDP.h */ = {isa = PBXFileReference; lastKnownFileType = sourcecode.c.h; path = ffUDP.h; sourceTree = "<group>"; };
		9651261C1E04DE8800E82E2B /* TEST_Filter.m */ = {isa = PBXFileReference; fileEncoding = 4; lastKnownFileType = sourcecode.c.objc; path = TEST_Filter.m; sourceTree = "<group>"; };
		9651261D1E04DE8800E82E2B /* TEST_Filter.h */ = {isa = PBXFileReference; fileEncoding = 4; lastKnownFileType = sourcecode.c.h; path = TEST_Filter.h; sourceTree = "<group>"; };
		96B249371DAA251700EFDE86 /* PBVideoSwDecoder.h */ = {isa = PBXFileReference; lastKnownFileType = sourcecode.c.h; path = PBVideoSwDecoder.h; sourceTree = "<group>"; };
		96B249381DAA251700EFDE86 /* PBVideoSwDecoder.m */ = {isa = PBXFileReference; lastKnownFileType = sourcecode.c.objc; path = PBVideoSwDecoder.m; sourceTree = "<group>"; };
		96F772FB1DF00A0800CC4C8D /* PrefixHeader.h */ = {isa = PBXFileReference; lastKnownFileType = sourcecode.c.h; path = PrefixHeader.h; sourceTree = "<group>"; };
/* End PBXFileReference section */

/* Begin PBXFrameworksBuildPhase section */
		961A77C51D5C28F900EFA629 /* Frameworks */ = {
			isa = PBXFrameworksBuildPhase;
			buildActionMask = 2147483647;
			files = (
				961A79341D5C50A600EFA629 /* CoreMedia.framework in Frameworks */,
				961A792E1D5C4F5300EFA629 /* Foundation.framework in Frameworks */,
				961A792C1D5C4F3400EFA629 /* AVFoundation.framework in Frameworks */,
				961A792A1D5C4F2C00EFA629 /* AudioToolbox.framework in Frameworks */,
				961A79281D5C4F2000EFA629 /* VideoToolbox.framework in Frameworks */,
				961A79261D5C4F1800EFA629 /* CoreVideo.framework in Frameworks */,
				961A791C1D5C308E00EFA629 /* libavcodec.a in Frameworks */,
				961A791D1D5C308E00EFA629 /* libavdevice.a in Frameworks */,
				961A791E1D5C308E00EFA629 /* libavfilter.a in Frameworks */,
				961A791F1D5C308E00EFA629 /* libavformat.a in Frameworks */,
				961A79201D5C308E00EFA629 /* libavutil.a in Frameworks */,
				961A79211D5C308E00EFA629 /* libswresample.a in Frameworks */,
				961A79221D5C308E00EFA629 /* libswscale.a in Frameworks */,
			);
			runOnlyForDeploymentPostprocessing = 0;
		};
/* End PBXFrameworksBuildPhase section */

/* Begin PBXGroup section */
		961A77BF1D5C28F900EFA629 = {
			isa = PBXGroup;
			children = (
				96395DBD1E88C4F900AE971B /* udpts */,
				961A77CA1D5C28F900EFA629 /* ffmpeg */,
				961A793D1D5C544800EFA629 /* Frameworks */,
				961A77C91D5C28F900EFA629 /* Products */,
			);
			sourceTree = "<group>";
		};
		961A77C91D5C28F900EFA629 /* Products */ = {
			isa = PBXGroup;
			children = (
				961A77C81D5C28F900EFA629 /* libffmpeg.a */,
			);
			name = Products;
			sourceTree = "<group>";
		};
		961A77CA1D5C28F900EFA629 /* ffmpeg */ = {
			isa = PBXGroup;
			children = (
				96B249361DAA251700EFDE86 /* decoder */,
				961A77D41D5C296900EFA629 /* Lib */,
				961A77CB1D5C28F900EFA629 /* ffmpeg.h */,
				961A77CD1D5C28F900EFA629 /* ffmpeg.m */,
				96349CAF1D7E978100BDFFF8 /* muxing.h */,
				96349CB01D7E978100BDFFF8 /* muxing.m */,
				96F772FB1DF00A0800CC4C8D /* PrefixHeader.h */,
				9651261D1E04DE8800E82E2B /* TEST_Filter.h */,
				9651261C1E04DE8800E82E2B /* TEST_Filter.m */,
			);
			path = ffmpeg;
			sourceTree = "<group>";
		};
		961A77D41D5C296900EFA629 /* Lib */ = {
			isa = PBXGroup;
			children = (
				961A77D51D5C299500EFA629 /* ffmpeg */,
			);
			name = Lib;
			sourceTree = "<group>";
		};
		961A77D51D5C299500EFA629 /* ffmpeg */ = {
			isa = PBXGroup;
			children = (
				961A77D61D5C299500EFA629 /* include */,
				961A782B1D5C299500EFA629 /* lib */,
			);
			path = ffmpeg;
			sourceTree = "<group>";
		};
		961A77D61D5C299500EFA629 /* include */ = {
			isa = PBXGroup;
			children = (
				961A77D71D5C299500EFA629 /* libavcodec */,
				961A77E11D5C299500EFA629 /* libavdevice */,
				961A77E41D5C299500EFA629 /* libavfilter */,
				961A77EC1D5C299500EFA629 /* libavformat */,
				961A77F01D5C299500EFA629 /* libavutil */,
				961A78251D5C299500EFA629 /* libswresample */,
				961A78281D5C299500EFA629 /* libswscale */,
			);
			path = include;
			sourceTree = "<group>";
		};
		961A77D71D5C299500EFA629 /* libavcodec */ = {
			isa = PBXGroup;
			children = (
				961A77D81D5C299500EFA629 /* avcodec.h */,
				961A77D91D5C299500EFA629 /* avfft.h */,
				961A77DA1D5C299500EFA629 /* dxva2.h */,
				961A77DB1D5C299500EFA629 /* old_codec_ids.h */,
				961A77DC1D5C299500EFA629 /* vaapi.h */,
				961A77DD1D5C299500EFA629 /* vda.h */,
				961A77DE1D5C299500EFA629 /* vdpau.h */,
				961A77DF1D5C299500EFA629 /* version.h */,
				961A77E01D5C299500EFA629 /* xvmc.h */,
			);
			path = libavcodec;
			sourceTree = "<group>";
		};
		961A77E11D5C299500EFA629 /* libavdevice */ = {
			isa = PBXGroup;
			children = (
				961A77E21D5C299500EFA629 /* avdevice.h */,
				961A77E31D5C299500EFA629 /* version.h */,
			);
			path = libavdevice;
			sourceTree = "<group>";
		};
		961A77E41D5C299500EFA629 /* libavfilter */ = {
			isa = PBXGroup;
			children = (
				961A77E51D5C299500EFA629 /* asrc_abuffer.h */,
				961A77E61D5C299500EFA629 /* avcodec.h */,
				961A77E71D5C299500EFA629 /* avfilter.h */,
				961A77E81D5C299500EFA629 /* avfiltergraph.h */,
				961A77E91D5C299500EFA629 /* buffersink.h */,
				961A77EA1D5C299500EFA629 /* buffersrc.h */,
				961A77EB1D5C299500EFA629 /* version.h */,
			);
			path = libavfilter;
			sourceTree = "<group>";
		};
		961A77EC1D5C299500EFA629 /* libavformat */ = {
			isa = PBXGroup;
			children = (
				961A77ED1D5C299500EFA629 /* avformat.h */,
				961A77EE1D5C299500EFA629 /* avio.h */,
				961A77EF1D5C299500EFA629 /* version.h */,
			);
			path = libavformat;
			sourceTree = "<group>";
		};
		961A77F01D5C299500EFA629 /* libavutil */ = {
			isa = PBXGroup;
			children = (
				961A77F11D5C299500EFA629 /* adler32.h */,
				961A77F21D5C299500EFA629 /* aes.h */,
				961A77F31D5C299500EFA629 /* attributes.h */,
				961A77F41D5C299500EFA629 /* audio_fifo.h */,
				961A77F51D5C299500EFA629 /* audioconvert.h */,
				961A77F61D5C299500EFA629 /* avassert.h */,
				961A77F71D5C299500EFA629 /* avconfig.h */,
				961A77F81D5C299500EFA629 /* avstring.h */,
				961A77F91D5C299500EFA629 /* avutil.h */,
				961A77FA1D5C299500EFA629 /* base64.h */,
				961A77FB1D5C299500EFA629 /* blowfish.h */,
				961A77FC1D5C299500EFA629 /* bprint.h */,
				961A77FD1D5C299500EFA629 /* bswap.h */,
				961A77FE1D5C299500EFA629 /* buffer.h */,
				961A77FF1D5C299500EFA629 /* channel_layout.h */,
				961A78001D5C299500EFA629 /* common.h */,
				961A78011D5C299500EFA629 /* cpu.h */,
				961A78021D5C299500EFA629 /* crc.h */,
				961A78031D5C299500EFA629 /* dict.h */,
				961A78041D5C299500EFA629 /* error.h */,
				961A78051D5C299500EFA629 /* eval.h */,
				961A78061D5C299500EFA629 /* fifo.h */,
				961A78071D5C299500EFA629 /* file.h */,
				961A78081D5C299500EFA629 /* frame.h */,
				961A78091D5C299500EFA629 /* hmac.h */,
				961A780A1D5C299500EFA629 /* imgutils.h */,
				961A780B1D5C299500EFA629 /* intfloat.h */,
				961A780C1D5C299500EFA629 /* intfloat_readwrite.h */,
				961A780D1D5C299500EFA629 /* intreadwrite.h */,
				961A780E1D5C299500EFA629 /* lfg.h */,
				961A780F1D5C299500EFA629 /* log.h */,
				961A78101D5C299500EFA629 /* lzo.h */,
				961A78111D5C299500EFA629 /* mathematics.h */,
				961A78121D5C299500EFA629 /* md5.h */,
				961A78131D5C299500EFA629 /* mem.h */,
				961A78141D5C299500EFA629 /* murmur3.h */,
				961A78151D5C299500EFA629 /* old_pix_fmts.h */,
				961A78161D5C299500EFA629 /* opt.h */,
				961A78171D5C299500EFA629 /* parseutils.h */,
				961A78181D5C299500EFA629 /* pixdesc.h */,
				961A78191D5C299500EFA629 /* pixfmt.h */,
				961A781A1D5C299500EFA629 /* random_seed.h */,
				961A781B1D5C299500EFA629 /* rational.h */,
				961A781C1D5C299500EFA629 /* ripemd.h */,
				961A781D1D5C299500EFA629 /* samplefmt.h */,
				961A781E1D5C299500EFA629 /* sha.h */,
				961A781F1D5C299500EFA629 /* sha512.h */,
				961A78201D5C299500EFA629 /* time.h */,
				961A78211D5C299500EFA629 /* timecode.h */,
				961A78221D5C299500EFA629 /* timestamp.h */,
				961A78231D5C299500EFA629 /* version.h */,
				961A78241D5C299500EFA629 /* xtea.h */,
			);
			path = libavutil;
			sourceTree = "<group>";
		};
		961A78251D5C299500EFA629 /* libswresample */ = {
			isa = PBXGroup;
			children = (
				961A78261D5C299500EFA629 /* swresample.h */,
				961A78271D5C299500EFA629 /* version.h */,
			);
			path = libswresample;
			sourceTree = "<group>";
		};
		961A78281D5C299500EFA629 /* libswscale */ = {
			isa = PBXGroup;
			children = (
				961A78291D5C299500EFA629 /* swscale.h */,
				961A782A1D5C299500EFA629 /* version.h */,
			);
			path = libswscale;
			sourceTree = "<group>";
		};
		961A782B1D5C299500EFA629 /* lib */ = {
			isa = PBXGroup;
			children = (
				961A782C1D5C299500EFA629 /* libavcodec.a */,
				961A782D1D5C299500EFA629 /* libavdevice.a */,
				961A782E1D5C299500EFA629 /* libavfilter.a */,
				961A782F1D5C299500EFA629 /* libavformat.a */,
				961A78301D5C299500EFA629 /* libavutil.a */,
				961A78311D5C299500EFA629 /* libswresample.a */,
				961A78321D5C299500EFA629 /* libswscale.a */,
			);
			path = lib;
			sourceTree = "<group>";
		};
		961A793D1D5C544800EFA629 /* Frameworks */ = {
			isa = PBXGroup;
			children = (
				961A79351D5C524000EFA629 /* libbz2.1.0.tbd */,
				961A79331D5C50A600EFA629 /* CoreMedia.framework */,
				961A79311D5C509700EFA629 /* libiconv.2.4.0.tbd */,
				961A792F1D5C506C00EFA629 /* libz.1.2.5.tbd */,
				961A792D1D5C4F5300EFA629 /* Foundation.framework */,
				961A792B1D5C4F3400EFA629 /* AVFoundation.framework */,
				961A79291D5C4F2C00EFA629 /* AudioToolbox.framework */,
				961A79271D5C4F2000EFA629 /* VideoToolbox.framework */,
				961A79251D5C4F1800EFA629 /* CoreVideo.framework */,
			);
			name = Frameworks;
			sourceTree = "<group>";
		};
		96395DBD1E88C4F900AE971B /* udpts */ = {
			isa = PBXGroup;
			children = (
				96395DBE1E88C4F900AE971B /* ipinput.h */,
				96395DC41E88C58500AE971B /* ffUDP.h */,
				96395DBF1E88C4F900AE971B /* ffUDP.m */,
				96395DC21E88C4F900AE971B /* utils.m */,
				96395DC31E88C4F900AE971B /* utils.h */,
			);
			name = udpts;
			path = ffmpeg/udpts;
			sourceTree = "<group>";
		};
		96B249361DAA251700EFDE86 /* decoder */ = {
			isa = PBXGroup;
			children = (
				96B249371DAA251700EFDE86 /* PBVideoSwDecoder.h */,
				96B249381DAA251700EFDE86 /* PBVideoSwDecoder.m */,
			);
			path = decoder;
			sourceTree = "<group>";
		};
/* End PBXGroup section */

/* Begin PBXNativeTarget section */
		961A77C71D5C28F900EFA629 /* ffmpeg */ = {
			isa = PBXNativeTarget;
			buildConfigurationList = 961A77D11D5C28F900EFA629 /* Build configuration list for PBXNativeTarget "ffmpeg" */;
			buildPhases = (
				961A77C41D5C28F900EFA629 /* Sources */,
				961A77C51D5C28F900EFA629 /* Frameworks */,
				961A77C61D5C28F900EFA629 /* CopyFiles */,
			);
			buildRules = (
			);
			dependencies = (
			);
			name = ffmpeg;
			productName = ffmpeg;
			productReference = 961A77C81D5C28F900EFA629 /* libffmpeg.a */;
			productType = "com.apple.product-type.library.static";
		};
/* End PBXNativeTarget section */

/* Begin PBXProject section */
		961A77C01D5C28F900EFA629 /* Project object */ = {
			isa = PBXProject;
			attributes = {
				LastUpgradeCheck = 0730;
				ORGANIZATIONNAME = duhaodong;
				TargetAttributes = {
					961A77C71D5C28F900EFA629 = {
						CreatedOnToolsVersion = 7.3.1;
					};
				};
			};
			buildConfigurationList = 961A77C31D5C28F900EFA629 /* Build configuration list for PBXProject "ffmpeg" */;
			compatibilityVersion = "Xcode 3.2";
			developmentRegion = English;
			hasScannedForEncodings = 0;
			knownRegions = (
				en,
			);
			mainGroup = 961A77BF1D5C28F900EFA629;
			productRefGroup = 961A77C91D5C28F900EFA629 /* Products */;
			projectDirPath = "";
			projectRoot = "";
			targets = (
				961A77C71D5C28F900EFA629 /* ffmpeg */,
			);
		};
/* End PBXProject section */

/* Begin PBXSourcesBuildPhase section */
		961A77C41D5C28F900EFA629 /* Sources */ = {
			isa = PBXSourcesBuildPhase;
			buildActionMask = 2147483647;
			files = (
				96395DC51E88DD8900AE971B /* ipinput.h in Sources */,
				96395DC61E88DD8900AE971B /* ffUDP.h in Sources */,
				96395DC71E88DD8900AE971B /* ffUDP.m in Sources */,
				96395DCA1E88DD8900AE971B /* utils.m in Sources */,
				96395DCB1E88DD8900AE971B /* utils.h in Sources */,
				96395DCC1E88DD8900AE971B /* PBVideoSwDecoder.h in Sources */,
				96395DCD1E88DD8900AE971B /* avcodec.h in Sources */,
				96395DCE1E88DD8900AE971B /* avfft.h in Sources */,
				96395DCF1E88DD8900AE971B /* dxva2.h in Sources */,
				96395DD01E88DD8900AE971B /* old_codec_ids.h in Sources */,
				96395DD11E88DD8900AE971B /* vaapi.h in Sources */,
				96395DD21E88DD8900AE971B /* vda.h in Sources */,
				96395DD31E88DD8900AE971B /* vdpau.h in Sources */,
				96395DD41E88DD8900AE971B /* version.h in Sources */,
				96395DD51E88DD8900AE971B /* xvmc.h in Sources */,
				96395DD61E88DD8900AE971B /* avdevice.h in Sources */,
				96395DD71E88DD8900AE971B /* version.h in Sources */,
				96395DD81E88DD8900AE971B /* asrc_abuffer.h in Sources */,
				96395DD91E88DD8900AE971B /* avcodec.h in Sources */,
				96395DDA1E88DD8900AE971B /* avfilter.h in Sources */,
				96395DDB1E88DD8900AE971B /* avfiltergraph.h in Sources */,
				96395DDC1E88DD8900AE971B /* buffersink.h in Sources */,
				96395DDD1E88DD8900AE971B /* buffersrc.h in Sources */,
				96395DDE1E88DD8900AE971B /* version.h in Sources */,
				96395DDF1E88DD8900AE971B /* avformat.h in Sources */,
				96395DE01E88DD8900AE971B /* avio.h in Sources */,
				96395DE11E88DD8900AE971B /* version.h in Sources */,
				96395DE21E88DD8900AE971B /* adler32.h in Sources */,
				96395DE31E88DD8900AE971B /* aes.h in Sources */,
				96395DE41E88DD8900AE971B /* attributes.h in Sources */,
				96395DE51E88DD8900AE971B /* audio_fifo.h in Sources */,
				96395DE61E88DD8900AE971B /* audioconvert.h in Sources */,
				96395DE71E88DD8900AE971B /* avassert.h in Sources */,
				96395DE81E88DD8900AE971B /* avconfig.h in Sources */,
				96395DE91E88DD8900AE971B /* avstring.h in Sources */,
				96395DEA1E88DD8900AE971B /* avutil.h in Sources */,
				96395DEB1E88DD8900AE971B /* base64.h in Sources */,
				96395DEC1E88DD8900AE971B /* blowfish.h in Sources */,
				96395DED1E88DD8900AE971B /* bprint.h in Sources */,
				96395DEE1E88DD8900AE971B /* bswap.h in Sources */,
				96395DEF1E88DD8900AE971B /* buffer.h in Sources */,
				96395DF01E88DD8900AE971B /* channel_layout.h in Sources */,
				96395DF11E88DD8900AE971B /* common.h in Sources */,
				96395DF21E88DD8900AE971B /* cpu.h in Sources */,
				96395DF31E88DD8900AE971B /* crc.h in Sources */,
				96395DF41E88DD8900AE971B /* dict.h in Sources */,
				96395DF51E88DD8900AE971B /* error.h in Sources */,
				96395DF61E88DD8900AE971B /* eval.h in Sources */,
				96395DF71E88DD8900AE971B /* fifo.h in Sources */,
				96395DF81E88DD8900AE971B /* file.h in Sources */,
				96395DF91E88DD8900AE971B /* frame.h in Sources */,
				96395DFA1E88DD8900AE971B /* hmac.h in Sources */,
				96395DFB1E88DD8900AE971B /* imgutils.h in Sources */,
				96395DFC1E88DD8900AE971B /* intfloat.h in Sources */,
				96395DFD1E88DD8900AE971B /* intfloat_readwrite.h in Sources */,
				96395DFE1E88DD8900AE971B /* intreadwrite.h in Sources */,
				96395DFF1E88DD8900AE971B /* lfg.h in Sources */,
				96395E001E88DD8900AE971B /* log.h in Sources */,
				96395E011E88DD8900AE971B /* lzo.h in Sources */,
				96395E021E88DD8900AE971B /* mathematics.h in Sources */,
				96395E031E88DD8900AE971B /* md5.h in Sources */,
				96395E041E88DD8900AE971B /* mem.h in Sources */,
				96395E051E88DD8900AE971B /* murmur3.h in Sources */,
				96395E061E88DD8900AE971B /* old_pix_fmts.h in Sources */,
				96395E071E88DD8900AE971B /* opt.h in Sources */,
				96395E081E88DD8900AE971B /* parseutils.h in Sources */,
				96395E091E88DD8900AE971B /* pixdesc.h in Sources */,
				96395E0A1E88DD8900AE971B /* pixfmt.h in Sources */,
				96395E0B1E88DD8900AE971B /* random_seed.h in Sources */,
				96395E0C1E88DD8900AE971B /* rational.h in Sources */,
				96395E0D1E88DD8900AE971B /* ripemd.h in Sources */,
				96395E0E1E88DD8900AE971B /* samplefmt.h in Sources */,
				96395E0F1E88DD8900AE971B /* sha.h in Sources */,
				96395E101E88DD8900AE971B /* sha512.h in Sources */,
				96395E111E88DD8900AE971B /* time.h in Sources */,
				96395E121E88DD8900AE971B /* timecode.h in Sources */,
				96395E131E88DD8900AE971B /* timestamp.h in Sources */,
				96395E141E88DD8900AE971B /* version.h in Sources */,
				96395E151E88DD8900AE971B /* xtea.h in Sources */,
				96395E161E88DD8900AE971B /* swresample.h in Sources */,
				96395E171E88DD8900AE971B /* version.h in Sources */,
				96395E181E88DD8900AE971B /* swscale.h in Sources */,
				96395E191E88DD8900AE971B /* version.h in Sources */,
				96395E1A1E88DD8900AE971B /* libavcodec.a in Sources */,
				96395E1B1E88DD8900AE971B /* libavdevice.a in Sources */,
				96395E1C1E88DD8900AE971B /* libavfilter.a in Sources */,
				96395E1D1E88DD8900AE971B /* libavformat.a in Sources */,
				96395E1E1E88DD8900AE971B /* libavutil.a in Sources */,
				96395E1F1E88DD8900AE971B /* libswresample.a in Sources */,
				96395E201E88DD8900AE971B /* libswscale.a in Sources */,
				96395E211E88DD8900AE971B /* ffmpeg.h in Sources */,
				96395E221E88DD8900AE971B /* muxing.h in Sources */,
				96395E231E88DD8900AE971B /* PrefixHeader.h in Sources */,
				96395E241E88DD8900AE971B /* TEST_Filter.h in Sources */,
				96395E251E88DD8900AE971B /* libbz2.1.0.tbd in Sources */,
				96395E261E88DD8900AE971B /* CoreMedia.framework in Sources */,
				96395E271E88DD8900AE971B /* libiconv.2.4.0.tbd in Sources */,
				96395E281E88DD8900AE971B /* libz.1.2.5.tbd in Sources */,
				96395E291E88DD8900AE971B /* Foundation.framework in Sources */,
				96395E2A1E88DD8900AE971B /* AVFoundation.framework in Sources */,
				96395E2B1E88DD8900AE971B /* AudioToolbox.framework in Sources */,
				96395E2C1E88DD8900AE971B /* VideoToolbox.framework in Sources */,
				96395E2D1E88DD8900AE971B /* CoreVideo.framework in Sources */,
				96395E2E1E88DD8900AE971B /* libffmpeg.a in Sources */,
				96B249391DAA259700EFDE86 /* PBVideoSwDecoder.m in Sources */,
				961A77CE1D5C28F900EFA629 /* ffmpeg.m in Sources */,
				96349CB11D7E978100BDFFF8 /* muxing.m in Sources */,
				9651261E1E04DE8800E82E2B /* TEST_Filter.m in Sources */,
			);
			runOnlyForDeploymentPostprocessing = 0;
		};
/* End PBXSourcesBuildPhase section */

/* Begin XCBuildConfiguration section */
		961A77CF1D5C28F900EFA629 /* Debug */ = {
			isa = XCBuildConfiguration;
			buildSettings = {
				ALWAYS_SEARCH_USER_PATHS = NO;
				CLANG_ANALYZER_NONNULL = YES;
				CLANG_CXX_LANGUAGE_STANDARD = "gnu++0x";
				CLANG_CXX_LIBRARY = "libc++";
				CLANG_ENABLE_MODULES = YES;
				CLANG_ENABLE_OBJC_ARC = YES;
				CLANG_WARN_BOOL_CONVERSION = YES;
				CLANG_WARN_CONSTANT_CONVERSION = YES;
				CLANG_WARN_DIRECT_OBJC_ISA_USAGE = YES_ERROR;
				CLANG_WARN_EMPTY_BODY = YES;
				CLANG_WARN_ENUM_CONVERSION = YES;
				CLANG_WARN_INT_CONVERSION = YES;
				CLANG_WARN_OBJC_ROOT_CLASS = YES_ERROR;
				CLANG_WARN_UNREACHABLE_CODE = YES;
				CLANG_WARN__DUPLICATE_METHOD_MATCH = YES;
				"CODE_SIGN_IDENTITY[sdk=iphoneos*]" = "iPhone Developer";
				COPY_PHASE_STRIP = NO;
				DEBUG_INFORMATION_FORMAT = dwarf;
				ENABLE_STRICT_OBJC_MSGSEND = YES;
				ENABLE_TESTABILITY = YES;
				GCC_C_LANGUAGE_STANDARD = gnu99;
				GCC_DYNAMIC_NO_PIC = NO;
				GCC_NO_COMMON_BLOCKS = YES;
				GCC_OPTIMIZATION_LEVEL = 0;
				GCC_PREPROCESSOR_DEFINITIONS = (
					"DEBUG=1",
					"$(inherited)",
				);
				GCC_WARN_64_TO_32_BIT_CONVERSION = YES;
				GCC_WARN_ABOUT_RETURN_TYPE = YES_ERROR;
				GCC_WARN_UNDECLARED_SELECTOR = YES;
				GCC_WARN_UNINITIALIZED_AUTOS = YES_AGGRESSIVE;
				GCC_WARN_UNUSED_FUNCTION = YES;
				GCC_WARN_UNUSED_VARIABLE = YES;
				IPHONEOS_DEPLOYMENT_TARGET = 9.3;
				MTL_ENABLE_DEBUG_INFO = YES;
				ONLY_ACTIVE_ARCH = YES;
				SDKROOT = iphoneos;
			};
			name = Debug;
		};
		961A77D01D5C28F900EFA629 /* Release */ = {
			isa = XCBuildConfiguration;
			buildSettings = {
				ALWAYS_SEARCH_USER_PATHS = NO;
				CLANG_ANALYZER_NONNULL = YES;
				CLANG_CXX_LANGUAGE_STANDARD = "gnu++0x";
				CLANG_CXX_LIBRARY = "libc++";
				CLANG_ENABLE_MODULES = YES;
				CLANG_ENABLE_OBJC_ARC = YES;
				CLANG_WARN_BOOL_CONVERSION = YES;
				CLANG_WARN_CONSTANT_CONVERSION = YES;
				CLANG_WARN_DIRECT_OBJC_ISA_USAGE = YES_ERROR;
				CLANG_WARN_EMPTY_BODY = YES;
				CLANG_WARN_ENUM_CONVERSION = YES;
				CLANG_WARN_INT_CONVERSION = YES;
				CLANG_WARN_OBJC_ROOT_CLASS = YES_ERROR;
				CLANG_WARN_UNREACHABLE_CODE = YES;
				CLANG_WARN__DUPLICATE_METHOD_MATCH = YES;
				"CODE_SIGN_IDENTITY[sdk=iphoneos*]" = "iPhone Developer";
				COPY_PHASE_STRIP = NO;
				DEBUG_INFORMATION_FORMAT = "dwarf-with-dsym";
				ENABLE_NS_ASSERTIONS = NO;
				ENABLE_STRICT_OBJC_MSGSEND = YES;
				GCC_C_LANGUAGE_STANDARD = gnu99;
				GCC_NO_COMMON_BLOCKS = YES;
				GCC_WARN_64_TO_32_BIT_CONVERSION = YES;
				GCC_WARN_ABOUT_RETURN_TYPE = YES_ERROR;
				GCC_WARN_UNDECLARED_SELECTOR = YES;
				GCC_WARN_UNINITIALIZED_AUTOS = YES_AGGRESSIVE;
				GCC_WARN_UNUSED_FUNCTION = YES;
				GCC_WARN_UNUSED_VARIABLE = YES;
				IPHONEOS_DEPLOYMENT_TARGET = 9.3;
				MTL_ENABLE_DEBUG_INFO = NO;
				SDKROOT = iphoneos;
				VALIDATE_PRODUCT = YES;
			};
			name = Release;
		};
		961A77D21D5C28F900EFA629 /* Debug */ = {
			isa = XCBuildConfiguration;
			buildSettings = {
				CLANG_CXX_LANGUAGE_STANDARD = "gnu++0x";
				DEBUG_INFORMATION_FORMAT = "dwarf-with-dsym";
				ENABLE_BITCODE = YES;
				HEADER_SEARCH_PATHS = (
					"\"$(SRCROOT)/ffmpeg/ffmpeg/include/libavcodec\"",
					"\"$(SRCROOT)/ffmpeg/ffmpeg/include/libavdevice\"",
					"\"$(SRCROOT)/ffmpeg/ffmpeg/include/libavfilter\"",
					"\"$(SRCROOT)/ffmpeg/ffmpeg/include/libavformat\"",
					"\"$(SRCROOT)/ffmpeg/ffmpeg/include/libavutil\"",
					"\"$(SRCROOT)/ffmpeg/ffmpeg/include/libswresample\"",
					"\"$(SRCROOT)/ffmpeg/ffmpeg/include/libswscale\"",
					"\"$(SRCROOT)/ffmpeg/ffmpeg/include\"",
					"\"$(SRCROOT)/ffmpeg/decoder\"",
					"\"$(SRCROOT)/ffmpeg/decoder\"",
					"\"$(SRCROOT)/../../../../../../Library/Developer/Xcode/DerivedData/testFFMpeg-epyauinamjdzlvfkqmaulvwcnplp/Build/Products/Debug-iphonesimulator/include/ffmpeg\"",
				);
				IPHONEOS_DEPLOYMENT_TARGET = 7.0;
				LIBRARY_SEARCH_PATHS = (
					"$(inherited)",
					"$(PROJECT_DIR)/ffmpeg/ffmpeg/lib",
				);
				ONLY_ACTIVE_ARCH = NO;
				OTHER_CFLAGS = "-DTEST_PREFIX_HEADER";
				OTHER_LDFLAGS = "-ObjC";
				PRODUCT_NAME = "$(TARGET_NAME)";
				SKIP_INSTALL = YES;
			};
			name = Debug;
		};
		961A77D31D5C28F900EFA629 /* Release */ = {
			isa = XCBuildConfiguration;
			buildSettings = {
				CLANG_CXX_LANGUAGE_STANDARD = "gnu++0x";
				DEBUG_INFORMATION_FORMAT = "dwarf-with-dsym";
				ENABLE_BITCODE = YES;
				HEADER_SEARCH_PATHS = (
					"\"$(SRCROOT)/ffmpeg/ffmpeg/include/libavcodec\"",
					"\"$(SRCROOT)/ffmpeg/ffmpeg/include/libavdevice\"",
					"\"$(SRCROOT)/ffmpeg/ffmpeg/include/libavfilter\"",
					"\"$(SRCROOT)/ffmpeg/ffmpeg/include/libavformat\"",
					"\"$(SRCROOT)/ffmpeg/ffmpeg/include/libavutil\"",
					"\"$(SRCROOT)/ffmpeg/ffmpeg/include/libswresample\"",
					"\"$(SRCROOT)/ffmpeg/ffmpeg/include/libswscale\"",
					"\"$(SRCROOT)/ffmpeg/ffmpeg/include\"",
					"\"$(SRCROOT)/ffmpeg/decoder\"",
					"\"$(SRCROOT)/ffmpeg/decoder\"",
					"\"$(SRCROOT)/../../../../../../Library/Developer/Xcode/DerivedData/testFFMpeg-epyauinamjdzlvfkqmaulvwcnplp/Build/Products/Debug-iphonesimulator/include/ffmpeg\"",
				);
				IPHONEOS_DEPLOYMENT_TARGET = 7.0;
				LIBRARY_SEARCH_PATHS = (
					"$(inherited)",
					"$(PROJECT_DIR)/ffmpeg/ffmpeg/lib",
				);
				ONLY_ACTIVE_ARCH = NO;
				OTHER_CFLAGS = "-DTEST_PREFIX_HEADER";
				OTHER_LDFLAGS = "-ObjC";
				PRODUCT_NAME = "$(TARGET_NAME)";
				SKIP_INSTALL = YES;
			};
			name = Release;
		};
/* End XCBuildConfiguration section */

/* Begin XCConfigurationList section */
		961A77C31D5C28F900EFA629 /* Build configuration list for PBXProject "ffmpeg" */ = {
			isa = XCConfigurationList;
			buildConfigurations = (
				961A77CF1D5C28F900EFA629 /* Debug */,
				961A77D01D5C28F900EFA629 /* Release */,
			);
			defaultConfigurationIsVisible = 0;
			defaultConfigurationName = Release;
		};
		961A77D11D5C28F900EFA629 /* Build configuration list for PBXNativeTarget "ffmpeg" */ = {
			isa = XCConfigurationList;
			buildConfigurations = (
				961A77D21D5C28F900EFA629 /* Debug */,
				961A77D31D5C28F900EFA629 /* Release */,
			);
			defaultConfigurationIsVisible = 0;
			defaultConfigurationName = Release;
		};
/* End XCConfigurationList section */
	};
	rootObject = 961A77C01D5C28F900EFA629 /* Project object */;
}
